
Microsoft Visual Studio Solution File, Format Version 12.00
# Visual Studio 2013
VisualStudioVersion = 12.0.31101.0
MinimumVisualStudioVersion = 10.0.40219.1
Project("{FAE04EC0-301F-11D3-BF4B-00C04F79EFBC}") = "VisualStudio.Go.Intellisense", "VisualStudio.Go.Intellisense\VisualStudio.Go.Intellisense.csproj", "{BDFE2295-7796-419A-8361-27F0B9CFD1C7}"
EndProject
Project("{FAE04EC0-301F-11D3-BF4B-00C04F79EFBC}") = "VisualStudio.Go.Project", "VisualStudio.Go.Project\VisualStudio.Go.Project.csproj", "{DFC09054-B6D3-495D-B50B-40CA7CB3A431}"
EndProject
Project("{FAE04EC0-301F-11D3-BF4B-00C04F79EFBC}") = "VisualStudio.Go.Highlighting", "VisualStudio.Go.Highlighting\VisualStudio.Go.Highlighting.csproj", "{2AB37025-B2CD-49E2-8D51-DDC027BA20B3}"
EndProject
Global
	GlobalSection(SolutionConfigurationPlatforms) = preSolution
		Debug|Any CPU = Debug|Any CPU
		Release|Any CPU = Release|Any CPU
	EndGlobalSection
	GlobalSection(ProjectConfigurationPlatforms) = postSolution
		{BDFE2295-7796-419A-8361-27F0B9CFD1C7}.Debug|Any CPU.ActiveCfg = Debug|Any CPU
		{BDFE2295-7796-419A-8361-27F0B9CFD1C7}.Debug|Any CPU.Build.0 = Debug|Any CPU
		{BDFE2295-7796-419A-8361-27F0B9CFD1C7}.Release|Any CPU.ActiveCfg = Release|Any CPU
		{BDFE2295-7796-419A-8361-27F0B9CFD1C7}.Release|Any CPU.Build.0 = Release|Any CPU
		{DFC09054-B6D3-495D-B50B-40CA7CB3A431}.Debug|Any CPU.ActiveCfg = Debug|Any CPU
		{DFC09054-B6D3-495D-B50B-40CA7CB3A431}.Debug|Any CPU.Build.0 = Debug|Any CPU
		{DFC09054-B6D3-495D-B50B-40CA7CB3A431}.Release|Any CPU.ActiveCfg = Release|Any CPU
		{DFC09054-B6D3-495D-B50B-40CA7CB3A431}.Release|Any CPU.Build.0 = Release|Any CPU
		{2AB37025-B2CD-49E2-8D51-DDC027BA20B3}.Debug|Any CPU.ActiveCfg = Debug|Any CPU
		{2AB37025-B2CD-49E2-8D51-DDC027BA20B3}.Debug|Any CPU.Build.0 = Debug|Any CPU
		{2AB37025-B2CD-49E2-8D51-DDC027BA20B3}.Release|Any CPU.ActiveCfg = Release|Any CPU
		{2AB37025-B2CD-49E2-8D51-DDC027BA20B3}.Release|Any CPU.Build.0 = Release|Any CPU
	EndGlobalSection
	GlobalSection(SolutionProperties) = preSolution
		HideSolutionNode = FALSE
	EndGlobalSection
EndGlobal
